// !$*UTF8*$!
{
	archiveVersion = 1;
	classes = {
	};
	objectVersion = 50;
	objects = {

/* Begin PBXBuildFile section */
		80D357622663789B00444585 /* AppDelegate.swift in Sources */ = {isa = PBXBuildFile; fileRef = 80D357612663789B00444585 /* AppDelegate.swift */; };
		80D357642663789B00444585 /* SceneDelegate.swift in Sources */ = {isa = PBXBuildFile; fileRef = 80D357632663789B00444585 /* SceneDelegate.swift */; };
		80D357662663789B00444585 /* HomeViewController.swift in Sources */ = {isa = PBXBuildFile; fileRef = 80D357652663789B00444585 /* HomeViewController.swift */; };
		80D357692663789B00444585 /* Main.storyboard in Resources */ = {isa = PBXBuildFile; fileRef = 80D357672663789B00444585 /* Main.storyboard */; };
		80D3576B2663789C00444585 /* Assets.xcassets in Resources */ = {isa = PBXBuildFile; fileRef = 80D3576A2663789C00444585 /* Assets.xcassets */; };
		80D3576E2663789C00444585 /* LaunchScreen.storyboard in Resources */ = {isa = PBXBuildFile; fileRef = 80D3576C2663789C00444585 /* LaunchScreen.storyboard */; };
		80D3577C26637B4D00444585 /* ExploreViewController.swift in Sources */ = {isa = PBXBuildFile; fileRef = 80D3577B26637B4D00444585 /* ExploreViewController.swift */; };
		80D3577E26637B8A00444585 /* PhotoViewController.swift in Sources */ = {isa = PBXBuildFile; fileRef = 80D3577D26637B8A00444585 /* PhotoViewController.swift */; };
		80D3578026637BD000444585 /* NotificationsViewController.swift in Sources */ = {isa = PBXBuildFile; fileRef = 80D3577F26637BD000444585 /* NotificationsViewController.swift */; };
		80D3578226637BF700444585 /* ProfileViewController.swift in Sources */ = {isa = PBXBuildFile; fileRef = 80D3578126637BF700444585 /* ProfileViewController.swift */; };
		80D3578726637CD500444585 /* LoginViewController.swift in Sources */ = {isa = PBXBuildFile; fileRef = 80D3578626637CD500444585 /* LoginViewController.swift */; };
		80D3578926637CF800444585 /* RegistrationViewController.swift in Sources */ = {isa = PBXBuildFile; fileRef = 80D3578826637CF800444585 /* RegistrationViewController.swift */; };
		80D3578B26637D3C00444585 /* PostViewController.swift in Sources */ = {isa = PBXBuildFile; fileRef = 80D3578A26637D3C00444585 /* PostViewController.swift */; };
		80D3578D26637D6C00444585 /* EditProfileViewController.swift in Sources */ = {isa = PBXBuildFile; fileRef = 80D3578C26637D6C00444585 /* EditProfileViewController.swift */; };
		80D3578F26637DBC00444585 /* SettingsViewController.swift in Sources */ = {isa = PBXBuildFile; fileRef = 80D3578E26637DBC00444585 /* SettingsViewController.swift */; };
		80D3579126637DEB00444585 /* ListViewController.swift in Sources */ = {isa = PBXBuildFile; fileRef = 80D3579026637DEB00444585 /* ListViewController.swift */; };
		80D3579326637E1800444585 /* SearchViewController.swift in Sources */ = {isa = PBXBuildFile; fileRef = 80D3579226637E1800444585 /* SearchViewController.swift */; };
		80D3579526637E3700444585 /* SearchResultViewController.swift in Sources */ = {isa = PBXBuildFile; fileRef = 80D3579426637E3700444585 /* SearchResultViewController.swift */; };
		80D3579726637E7D00444585 /* PostEditorViewController.swift in Sources */ = {isa = PBXBuildFile; fileRef = 80D3579626637E7D00444585 /* PostEditorViewController.swift */; };
		80D3579926637EA100444585 /* PublishPostViewController.swift in Sources */ = {isa = PBXBuildFile; fileRef = 80D3579826637EA100444585 /* PublishPostViewController.swift */; };
/* End PBXBuildFile section */

/* Begin PBXFileReference section */
		80D3575E2663789B00444585 /* Minestagram_Andra.app */ = {isa = PBXFileReference; explicitFileType = wrapper.application; includeInIndex = 0; path = Minestagram_Andra.app; sourceTree = BUILT_PRODUCTS_DIR; };
		80D357612663789B00444585 /* AppDelegate.swift */ = {isa = PBXFileReference; lastKnownFileType = sourcecode.swift; path = AppDelegate.swift; sourceTree = "<group>"; };
		80D357632663789B00444585 /* SceneDelegate.swift */ = {isa = PBXFileReference; lastKnownFileType = sourcecode.swift; path = SceneDelegate.swift; sourceTree = "<group>"; };
		80D357652663789B00444585 /* HomeViewController.swift */ = {isa = PBXFileReference; lastKnownFileType = sourcecode.swift; path = HomeViewController.swift; sourceTree = "<group>"; };
		80D357682663789B00444585 /* Base */ = {isa = PBXFileReference; lastKnownFileType = file.storyboard; name = Base; path = Base.lproj/Main.storyboard; sourceTree = "<group>"; };
		80D3576A2663789C00444585 /* Assets.xcassets */ = {isa = PBXFileReference; lastKnownFileType = folder.assetcatalog; path = Assets.xcassets; sourceTree = "<group>"; };
		80D3576D2663789C00444585 /* Base */ = {isa = PBXFileReference; lastKnownFileType = file.storyboard; name = Base; path = Base.lproj/LaunchScreen.storyboard; sourceTree = "<group>"; };
		80D3576F2663789C00444585 /* Info.plist */ = {isa = PBXFileReference; lastKnownFileType = text.plist.xml; path = Info.plist; sourceTree = "<group>"; };
		80D3577B26637B4D00444585 /* ExploreViewController.swift */ = {isa = PBXFileReference; lastKnownFileType = sourcecode.swift; path = ExploreViewController.swift; sourceTree = "<group>"; };
		80D3577D26637B8A00444585 /* PhotoViewController.swift */ = {isa = PBXFileReference; lastKnownFileType = sourcecode.swift; path = PhotoViewController.swift; sourceTree = "<group>"; };
		80D3577F26637BD000444585 /* NotificationsViewController.swift */ = {isa = PBXFileReference; lastKnownFileType = sourcecode.swift; path = NotificationsViewController.swift; sourceTree = "<group>"; };
		80D3578126637BF700444585 /* ProfileViewController.swift */ = {isa = PBXFileReference; lastKnownFileType = sourcecode.swift; path = ProfileViewController.swift; sourceTree = "<group>"; };
		80D3578626637CD500444585 /* LoginViewController.swift */ = {isa = PBXFileReference; lastKnownFileType = sourcecode.swift; path = LoginViewController.swift; sourceTree = "<group>"; };
		80D3578826637CF800444585 /* RegistrationViewController.swift */ = {isa = PBXFileReference; lastKnownFileType = sourcecode.swift; path = RegistrationViewController.swift; sourceTree = "<group>"; };
		80D3578A26637D3C00444585 /* PostViewController.swift */ = {isa = PBXFileReference; lastKnownFileType = sourcecode.swift; path = PostViewController.swift; sourceTree = "<group>"; };
		80D3578C26637D6C00444585 /* EditProfileViewController.swift */ = {isa = PBXFileReference; lastKnownFileType = sourcecode.swift; path = EditProfileViewController.swift; sourceTree = "<group>"; };
		80D3578E26637DBC00444585 /* SettingsViewController.swift */ = {isa = PBXFileReference; lastKnownFileType = sourcecode.swift; path = SettingsViewController.swift; sourceTree = "<group>"; };
		80D3579026637DEB00444585 /* ListViewController.swift */ = {isa = PBXFileReference; lastKnownFileType = sourcecode.swift; path = ListViewController.swift; sourceTree = "<group>"; };
		80D3579226637E1800444585 /* SearchViewController.swift */ = {isa = PBXFileReference; lastKnownFileType = sourcecode.swift; path = SearchViewController.swift; sourceTree = "<group>"; };
		80D3579426637E3700444585 /* SearchResultViewController.swift */ = {isa = PBXFileReference; lastKnownFileType = sourcecode.swift; path = SearchResultViewController.swift; sourceTree = "<group>"; };
		80D3579626637E7D00444585 /* PostEditorViewController.swift */ = {isa = PBXFileReference; lastKnownFileType = sourcecode.swift; path = PostEditorViewController.swift; sourceTree = "<group>"; };
		80D3579826637EA100444585 /* PublishPostViewController.swift */ = {isa = PBXFileReference; lastKnownFileType = sourcecode.swift; path = PublishPostViewController.swift; sourceTree = "<group>"; };
/* End PBXFileReference section */

/* Begin PBXFrameworksBuildPhase section */
		80D3575B2663789B00444585 /* Frameworks */ = {
			isa = PBXFrameworksBuildPhase;
			buildActionMask = 2147483647;
			files = (
			);
			runOnlyForDeploymentPostprocessing = 0;
		};
/* End PBXFrameworksBuildPhase section */

/* Begin PBXGroup section */
		80D357552663789B00444585 = {
			isa = PBXGroup;
			children = (
				80D357602663789B00444585 /* Minestagram_Andra */,
				80D3575F2663789B00444585 /* Products */,
			);
			sourceTree = "<group>";
		};
		80D3575F2663789B00444585 /* Products */ = {
			isa = PBXGroup;
			children = (
				80D3575E2663789B00444585 /* Minestagram_Andra.app */,
			);
			name = Products;
			sourceTree = "<group>";
		};
		80D357602663789B00444585 /* Minestagram_Andra */ = {
			isa = PBXGroup;
			children = (
				80D357792663796500444585 /* Resources */,
				80D357782663794F00444585 /* Models */,
				80D357772663794500444585 /* Views */,
				80D357752663792800444585 /* Controllers */,
				80D3576F2663789C00444585 /* Info.plist */,
			);
			path = Minestagram_Andra;
			sourceTree = "<group>";
		};
		80D357752663792800444585 /* Controllers */ = {
			isa = PBXGroup;
			children = (
				80D3578426637CA000444585 /* Others */,
				80D3578326637C2C00444585 /* Core */,
			);
			path = Controllers;
			sourceTree = "<group>";
		};
		80D357772663794500444585 /* Views */ = {
			isa = PBXGroup;
			children = (
				80D3577A266379DB00444585 /* Storyboards */,
				80D3576A2663789C00444585 /* Assets.xcassets */,
			);
			path = Views;
			sourceTree = "<group>";
		};
		80D357782663794F00444585 /* Models */ = {
			isa = PBXGroup;
			children = (
			);
			path = Models;
			sourceTree = "<group>";
		};
		80D357792663796500444585 /* Resources */ = {
			isa = PBXGroup;
			children = (
				80D357612663789B00444585 /* AppDelegate.swift */,
				80D357632663789B00444585 /* SceneDelegate.swift */,
			);
			path = Resources;
			sourceTree = "<group>";
		};
		80D3577A266379DB00444585 /* Storyboards */ = {
			isa = PBXGroup;
			children = (
				80D3576C2663789C00444585 /* LaunchScreen.storyboard */,
				80D357672663789B00444585 /* Main.storyboard */,
			);
			path = Storyboards;
			sourceTree = "<group>";
		};
		80D3578326637C2C00444585 /* Core */ = {
			isa = PBXGroup;
			children = (
				80D357652663789B00444585 /* HomeViewController.swift */,
				80D3577B26637B4D00444585 /* ExploreViewController.swift */,
				80D3577D26637B8A00444585 /* PhotoViewController.swift */,
				80D3577F26637BD000444585 /* NotificationsViewController.swift */,
				80D3578126637BF700444585 /* ProfileViewController.swift */,
			);
			path = Core;
			sourceTree = "<group>";
		};
		80D3578426637CA000444585 /* Others */ = {
			isa = PBXGroup;
			children = (
				80D3578526637CAB00444585 /* Onboarding */,
				80D3578A26637D3C00444585 /* PostViewController.swift */,
				80D3578C26637D6C00444585 /* EditProfileViewController.swift */,
				80D3578E26637DBC00444585 /* SettingsViewController.swift */,
				80D3579026637DEB00444585 /* ListViewController.swift */,
				80D3579226637E1800444585 /* SearchViewController.swift */,
				80D3579426637E3700444585 /* SearchResultViewController.swift */,
				80D3579626637E7D00444585 /* PostEditorViewController.swift */,
				80D3579826637EA100444585 /* PublishPostViewController.swift */,
			);
			path = Others;
			sourceTree = "<group>";
		};
		80D3578526637CAB00444585 /* Onboarding */ = {
			isa = PBXGroup;
			children = (
				80D3578626637CD500444585 /* LoginViewController.swift */,
				80D3578826637CF800444585 /* RegistrationViewController.swift */,
			);
			path = Onboarding;
			sourceTree = "<group>";
		};
/* End PBXGroup section */

/* Begin PBXNativeTarget section */
		80D3575D2663789B00444585 /* Minestagram_Andra */ = {
			isa = PBXNativeTarget;
			buildConfigurationList = 80D357722663789C00444585 /* Build configuration list for PBXNativeTarget "Minestagram_Andra" */;
			buildPhases = (
				80D3575A2663789B00444585 /* Sources */,
				80D3575B2663789B00444585 /* Frameworks */,
				80D3575C2663789B00444585 /* Resources */,
			);
			buildRules = (
			);
			dependencies = (
			);
			name = Minestagram_Andra;
			productName = Minestagram_Andra;
			productReference = 80D3575E2663789B00444585 /* Minestagram_Andra.app */;
			productType = "com.apple.product-type.application";
		};
/* End PBXNativeTarget section */

/* Begin PBXProject section */
		80D357562663789B00444585 /* Project object */ = {
			isa = PBXProject;
			attributes = {
				LastSwiftUpdateCheck = 1250;
				LastUpgradeCheck = 1250;
				TargetAttributes = {
					80D3575D2663789B00444585 = {
						CreatedOnToolsVersion = 12.5;
					};
				};
			};
			buildConfigurationList = 80D357592663789B00444585 /* Build configuration list for PBXProject "Minestagram_Andra" */;
			compatibilityVersion = "Xcode 9.3";
			developmentRegion = en;
			hasScannedForEncodings = 0;
			knownRegions = (
				en,
				Base,
			);
			mainGroup = 80D357552663789B00444585;
			productRefGroup = 80D3575F2663789B00444585 /* Products */;
			projectDirPath = "";
			projectRoot = "";
			targets = (
				80D3575D2663789B00444585 /* Minestagram_Andra */,
			);
		};
/* End PBXProject section */

/* Begin PBXResourcesBuildPhase section */
		80D3575C2663789B00444585 /* Resources */ = {
			isa = PBXResourcesBuildPhase;
			buildActionMask = 2147483647;
			files = (
				80D3576E2663789C00444585 /* LaunchScreen.storyboard in Resources */,
				80D3576B2663789C00444585 /* Assets.xcassets in Resources */,
				80D357692663789B00444585 /* Main.storyboard in Resources */,
			);
			runOnlyForDeploymentPostprocessing = 0;
		};
/* End PBXResourcesBuildPhase section */

/* Begin PBXSourcesBuildPhase section */
		80D3575A2663789B00444585 /* Sources */ = {
			isa = PBXSourcesBuildPhase;
			buildActionMask = 2147483647;
			files = (
				80D3578D26637D6C00444585 /* EditProfileViewController.swift in Sources */,
				80D3577C26637B4D00444585 /* ExploreViewController.swift in Sources */,
				80D3579926637EA100444585 /* PublishPostViewController.swift in Sources */,
				80D357662663789B00444585 /* HomeViewController.swift in Sources */,
				80D357622663789B00444585 /* AppDelegate.swift in Sources */,
				80D3578926637CF800444585 /* RegistrationViewController.swift in Sources */,
				80D3579726637E7D00444585 /* PostEditorViewController.swift in Sources */,
				80D3578B26637D3C00444585 /* PostViewController.swift in Sources */,
				80D3578026637BD000444585 /* NotificationsViewController.swift in Sources */,
				80D3579526637E3700444585 /* SearchResultViewController.swift in Sources */,
				80D3578726637CD500444585 /* LoginViewController.swift in Sources */,
				80D3579326637E1800444585 /* SearchViewController.swift in Sources */,
				80D3578226637BF700444585 /* ProfileViewController.swift in Sources */,
				80D357642663789B00444585 /* SceneDelegate.swift in Sources */,
				80D3577E26637B8A00444585 /* PhotoViewController.swift in Sources */,
				80D3579126637DEB00444585 /* ListViewController.swift in Sources */,
				80D3578F26637DBC00444585 /* SettingsViewController.swift in Sources */,
			);
			runOnlyForDeploymentPostprocessing = 0;
		};
/* End PBXSourcesBuildPhase section */

/* Begin PBXVariantGroup section */
		80D357672663789B00444585 /* Main.storyboard */ = {
			isa = PBXVariantGroup;
			children = (
				80D357682663789B00444585 /* Base */,
			);
			name = Main.storyboard;
			sourceTree = "<group>";
		};
		80D3576C2663789C00444585 /* LaunchScreen.storyboard */ = {
			isa = PBXVariantGroup;
			children = (
				80D3576D2663789C00444585 /* Base */,
			);
			name = LaunchScreen.storyboard;
			sourceTree = "<group>";
		};
/* End PBXVariantGroup section */

/* Begin XCBuildConfiguration section */
		80D357702663789C00444585 /* Debug */ = {
			isa = XCBuildConfiguration;
			buildSettings = {
				ALWAYS_SEARCH_USER_PATHS = NO;
				CLANG_ANALYZER_NONNULL = YES;
				CLANG_ANALYZER_NUMBER_OBJECT_CONVERSION = YES_AGGRESSIVE;
				CLANG_CXX_LANGUAGE_STANDARD = "gnu++14";
				CLANG_CXX_LIBRARY = "libc++";
				CLANG_ENABLE_MODULES = YES;
				CLANG_ENABLE_OBJC_ARC = YES;
				CLANG_ENABLE_OBJC_WEAK = YES;
				CLANG_WARN_BLOCK_CAPTURE_AUTORELEASING = YES;
				CLANG_WARN_BOOL_CONVERSION = YES;
				CLANG_WARN_COMMA = YES;
				CLANG_WARN_CONSTANT_CONVERSION = YES;
				CLANG_WARN_DEPRECATED_OBJC_IMPLEMENTATIONS = YES;
				CLANG_WARN_DIRECT_OBJC_ISA_USAGE = YES_ERROR;
				CLANG_WARN_DOCUMENTATION_COMMENTS = YES;
				CLANG_WARN_EMPTY_BODY = YES;
				CLANG_WARN_ENUM_CONVERSION = YES;
				CLANG_WARN_INFINITE_RECURSION = YES;
				CLANG_WARN_INT_CONVERSION = YES;
				CLANG_WARN_NON_LITERAL_NULL_CONVERSION = YES;
				CLANG_WARN_OBJC_IMPLICIT_RETAIN_SELF = YES;
				CLANG_WARN_OBJC_LITERAL_CONVERSION = YES;
				CLANG_WARN_OBJC_ROOT_CLASS = YES_ERROR;
				CLANG_WARN_QUOTED_INCLUDE_IN_FRAMEWORK_HEADER = YES;
				CLANG_WARN_RANGE_LOOP_ANALYSIS = YES;
				CLANG_WARN_STRICT_PROTOTYPES = YES;
				CLANG_WARN_SUSPICIOUS_MOVE = YES;
				CLANG_WARN_UNGUARDED_AVAILABILITY = YES_AGGRESSIVE;
				CLANG_WARN_UNREACHABLE_CODE = YES;
				CLANG_WARN__DUPLICATE_METHOD_MATCH = YES;
				COPY_PHASE_STRIP = NO;
				DEBUG_INFORMATION_FORMAT = dwarf;
				ENABLE_STRICT_OBJC_MSGSEND = YES;
				ENABLE_TESTABILITY = YES;
				GCC_C_LANGUAGE_STANDARD = gnu11;
				GCC_DYNAMIC_NO_PIC = NO;
				GCC_NO_COMMON_BLOCKS = YES;
				GCC_OPTIMIZATION_LEVEL = 0;
				GCC_PREPROCESSOR_DEFINITIONS = (
					"DEBUG=1",
					"$(inherited)",
				);
				GCC_WARN_64_TO_32_BIT_CONVERSION = YES;
				GCC_WARN_ABOUT_RETURN_TYPE = YES_ERROR;
				GCC_WARN_UNDECLARED_SELECTOR = YES;
				GCC_WARN_UNINITIALIZED_AUTOS = YES_AGGRESSIVE;
				GCC_WARN_UNUSED_FUNCTION = YES;
				GCC_WARN_UNUSED_VARIABLE = YES;
				IPHONEOS_DEPLOYMENT_TARGET = 14.5;
				MTL_ENABLE_DEBUG_INFO = INCLUDE_SOURCE;
				MTL_FAST_MATH = YES;
				ONLY_ACTIVE_ARCH = YES;
				SDKROOT = iphoneos;
				SWIFT_ACTIVE_COMPILATION_CONDITIONS = DEBUG;
				SWIFT_OPTIMIZATION_LEVEL = "-Onone";
			};
			name = Debug;
		};
		80D357712663789C00444585 /* Release */ = {
			isa = XCBuildConfiguration;
			buildSettings = {
				ALWAYS_SEARCH_USER_PATHS = NO;
				CLANG_ANALYZER_NONNULL = YES;
				CLANG_ANALYZER_NUMBER_OBJECT_CONVERSION = YES_AGGRESSIVE;
				CLANG_CXX_LANGUAGE_STANDARD = "gnu++14";
				CLANG_CXX_LIBRARY = "libc++";
				CLANG_ENABLE_MODULES = YES;
				CLANG_ENABLE_OBJC_ARC = YES;
				CLANG_ENABLE_OBJC_WEAK = YES;
				CLANG_WARN_BLOCK_CAPTURE_AUTORELEASING = YES;
				CLANG_WARN_BOOL_CONVERSION = YES;
				CLANG_WARN_COMMA = YES;
				CLANG_WARN_CONSTANT_CONVERSION = YES;
				CLANG_WARN_DEPRECATED_OBJC_IMPLEMENTATIONS = YES;
				CLANG_WARN_DIRECT_OBJC_ISA_USAGE = YES_ERROR;
				CLANG_WARN_DOCUMENTATION_COMMENTS = YES;
				CLANG_WARN_EMPTY_BODY = YES;
				CLANG_WARN_ENUM_CONVERSION = YES;
				CLANG_WARN_INFINITE_RECURSION = YES;
				CLANG_WARN_INT_CONVERSION = YES;
				CLANG_WARN_NON_LITERAL_NULL_CONVERSION = YES;
				CLANG_WARN_OBJC_IMPLICIT_RETAIN_SELF = YES;
				CLANG_WARN_OBJC_LITERAL_CONVERSION = YES;
				CLANG_WARN_OBJC_ROOT_CLASS = YES_ERROR;
				CLANG_WARN_QUOTED_INCLUDE_IN_FRAMEWORK_HEADER = YES;
				CLANG_WARN_RANGE_LOOP_ANALYSIS = YES;
				CLANG_WARN_STRICT_PROTOTYPES = YES;
				CLANG_WARN_SUSPICIOUS_MOVE = YES;
				CLANG_WARN_UNGUARDED_AVAILABILITY = YES_AGGRESSIVE;
				CLANG_WARN_UNREACHABLE_CODE = YES;
				CLANG_WARN__DUPLICATE_METHOD_MATCH = YES;
				COPY_PHASE_STRIP = NO;
				DEBUG_INFORMATION_FORMAT = "dwarf-with-dsym";
				ENABLE_NS_ASSERTIONS = NO;
				ENABLE_STRICT_OBJC_MSGSEND = YES;
				GCC_C_LANGUAGE_STANDARD = gnu11;
				GCC_NO_COMMON_BLOCKS = YES;
				GCC_WARN_64_TO_32_BIT_CONVERSION = YES;
				GCC_WARN_ABOUT_RETURN_TYPE = YES_ERROR;
				GCC_WARN_UNDECLARED_SELECTOR = YES;
				GCC_WARN_UNINITIALIZED_AUTOS = YES_AGGRESSIVE;
				GCC_WARN_UNUSED_FUNCTION = YES;
				GCC_WARN_UNUSED_VARIABLE = YES;
				IPHONEOS_DEPLOYMENT_TARGET = 14.5;
				MTL_ENABLE_DEBUG_INFO = NO;
				MTL_FAST_MATH = YES;
				SDKROOT = iphoneos;
				SWIFT_COMPILATION_MODE = wholemodule;
				SWIFT_OPTIMIZATION_LEVEL = "-O";
				VALIDATE_PRODUCT = YES;
			};
			name = Release;
		};
		80D357732663789C00444585 /* Debug */ = {
			isa = XCBuildConfiguration;
			buildSettings = {
				ASSETCATALOG_COMPILER_APPICON_NAME = AppIcon;
				ASSETCATALOG_COMPILER_GLOBAL_ACCENT_COLOR_NAME = AccentColor;
				CODE_SIGN_STYLE = Automatic;
				DEVELOPMENT_TEAM = 6H855QS8AA;
				INFOPLIST_FILE = Minestagram_Andra/Info.plist;
				LD_RUNPATH_SEARCH_PATHS = (
					"$(inherited)",
					"@executable_path/Frameworks",
				);
				PRODUCT_BUNDLE_IDENTIFIER = "ViA.Minestagram-Andra";
				PRODUCT_NAME = "$(TARGET_NAME)";
				SWIFT_VERSION = 5.0;
				TARGETED_DEVICE_FAMILY = "1,2";
			};
			name = Debug;
		};
		80D357742663789C00444585 /* Release */ = {
			isa = XCBuildConfiguration;
			buildSettings = {
				ASSETCATALOG_COMPILER_APPICON_NAME = AppIcon;
				ASSETCATALOG_COMPILER_GLOBAL_ACCENT_COLOR_NAME = AccentColor;
				CODE_SIGN_STYLE = Automatic;
				DEVELOPMENT_TEAM = 6H855QS8AA;
				INFOPLIST_FILE = Minestagram_Andra/Info.plist;
				LD_RUNPATH_SEARCH_PATHS = (
					"$(inherited)",
					"@executable_path/Frameworks",
				);
				PRODUCT_BUNDLE_IDENTIFIER = "ViA.Minestagram-Andra";
				PRODUCT_NAME = "$(TARGET_NAME)";
				SWIFT_VERSION = 5.0;
				TARGETED_DEVICE_FAMILY = "1,2";
			};
			name = Release;
		};
/* End XCBuildConfiguration section */

/* Begin XCConfigurationList section */
		80D357592663789B00444585 /* Build configuration list for PBXProject "Minestagram_Andra" */ = {
			isa = XCConfigurationList;
			buildConfigurations = (
				80D357702663789C00444585 /* Debug */,
				80D357712663789C00444585 /* Release */,
			);
			defaultConfigurationIsVisible = 0;
			defaultConfigurationName = Release;
		};
		80D357722663789C00444585 /* Build configuration list for PBXNativeTarget "Minestagram_Andra" */ = {
			isa = XCConfigurationList;
			buildConfigurations = (
				80D357732663789C00444585 /* Debug */,
				80D357742663789C00444585 /* Release */,
			);
			defaultConfigurationIsVisible = 0;
			defaultConfigurationName = Release;
		};
/* End XCConfigurationList section */
	};
	rootObject = 80D357562663789B00444585 /* Project object */;
}
